Microsoft Visual Studio Solution File, Format Version 8.00
Project("{8BC9CEB8-8B4A-11D0-8D11-00A0C91BC942}") = "ds2entry", "ds2entry.vcproj", "{5861E459-97FD-444F-92C0-7D36900C181E}"
	ProjectSection(ProjectDependencies) = postProject
	EndProjectSection
EndProject
Global
	GlobalSection(SolutionConfiguration) = preSolution
		Debug = Debug
		Release = Release
	EndGlobalSection
	GlobalSection(ProjectConfiguration) = postSolution
		{5861E459-97FD-444F-92C0-7D36900C181E}.Debug.ActiveCfg = Debug|Win32
		{5861E459-97FD-444F-92C0-7D36900C181E}.Debug.Build.0 = Debug|Win32
		{5861E459-97FD-444F-92C0-7D36900C181E}.Release.ActiveCfg = Release|Win32
		{5861E459-97FD-444F-92C0-7D36900C181E}.Release.Build.0 = Release|Win32
	EndGlobalSection
	GlobalSection(ExtensibilityGlobals) = postSolution
	EndGlobalSection
	GlobalSection(ExtensibilityAddIns) = postSolution
	EndGlobalSection
EndGlobal
